
Microsoft Visual Studio Solution File, Format Version 12.00
# Visual Studio Version 16
VisualStudioVersion = 25.0.1706.4
MinimumVisualStudioVersion = 10.0.40219.1
Project("{FAE04EC0-301F-11D3-BF4B-00C04F79EFBC}") = "URLshorter", "URLshorter\URLshorter.csproj", "{AA090DE6-80CF-4872-B2E0-DF55EF1CEAD7}"
EndProject
Global
	GlobalSection(SolutionConfigurationPlatforms) = preSolution
		Debug|Any CPU = Debug|Any CPU
		Release|Any CPU = Release|Any CPU
	EndGlobalSection
	GlobalSection(ProjectConfigurationPlatforms) = postSolution
		{AA090DE6-80CF-4872-B2E0-DF55EF1CEAD7}.Debug|Any CPU.ActiveCfg = Debug|Any CPU
		{AA090DE6-80CF-4872-B2E0-DF55EF1CEAD7}.Debug|Any CPU.Build.0 = Debug|Any CPU
		{AA090DE6-80CF-4872-B2E0-DF55EF1CEAD7}.Release|Any CPU.ActiveCfg = Release|Any CPU
		{AA090DE6-80CF-4872-B2E0-DF55EF1CEAD7}.Release|Any CPU.Build.0 = Release|Any CPU
	EndGlobalSection
	GlobalSection(SolutionProperties) = preSolution
		HideSolutionNode = FALSE
	EndGlobalSection
	GlobalSection(ExtensibilityGlobals) = postSolution
		SolutionGuid = {79DE7AD1-6A15-492D-B00E-704319D8B089}
	EndGlobalSection
EndGlobal
